
Microsoft Visual Studio Solution File, Format Version 12.00
# Visual Studio Version 16
VisualStudioVersion = 16.0.29613.14
MinimumVisualStudioVersion = 10.0.40219.1
Project("{FAE04EC0-301F-11D3-BF4B-00C04F79EFBC}") = "EntityDemo", "EntityDemo.csproj", "{8026F83C-D29F-4E72-AC34-BF8BB4A9AE4C}"
EndProject
Global
	GlobalSection(SolutionConfigurationPlatforms) = preSolution
		Debug|Any CPU = Debug|Any CPU
		Release|Any CPU = Release|Any CPU
	EndGlobalSection
	GlobalSection(ProjectConfigurationPlatforms) = postSolution
		{8026F83C-D29F-4E72-AC34-BF8BB4A9AE4C}.Debug|Any CPU.ActiveCfg = Debug|Any CPU
		{8026F83C-D29F-4E72-AC34-BF8BB4A9AE4C}.Debug|Any CPU.Build.0 = Debug|Any CPU
		{8026F83C-D29F-4E72-AC34-BF8BB4A9AE4C}.Release|Any CPU.ActiveCfg = Release|Any CPU
		{8026F83C-D29F-4E72-AC34-BF8BB4A9AE4C}.Release|Any CPU.Build.0 = Release|Any CPU
	EndGlobalSection
	GlobalSection(SolutionProperties) = preSolution
		HideSolutionNode = FALSE
	EndGlobalSection
	GlobalSection(ExtensibilityGlobals) = postSolution
		SolutionGuid = {95B77FD7-B5EA-47E8-A713-9CD8E17914DE}
	EndGlobalSection
EndGlobal
